
Microsoft Visual Studio Solution File, Format Version 12.00
# Visual Studio Version 17
VisualStudioVersion = 17.3.32901.215
MinimumVisualStudioVersion = 10.0.40219.1
Project("{FAE04EC0-301F-11D3-BF4B-00C04F79EFBC}") = "ProgressTest5", "ProgressTest5.csproj", "{FF1795A2-106A-4A9A-AA04-38822286979C}"
EndProject
Global
	GlobalSection(SolutionConfigurationPlatforms) = preSolution
		Debug|Any CPU = Debug|Any CPU
		Release|Any CPU = Release|Any CPU
	EndGlobalSection
	GlobalSection(ProjectConfigurationPlatforms) = postSolution
		{FF1795A2-106A-4A9A-AA04-38822286979C}.Debug|Any CPU.ActiveCfg = Debug|Any CPU
		{FF1795A2-106A-4A9A-AA04-38822286979C}.Debug|Any CPU.Build.0 = Debug|Any CPU
		{FF1795A2-106A-4A9A-AA04-38822286979C}.Release|Any CPU.ActiveCfg = Release|Any CPU
		{FF1795A2-106A-4A9A-AA04-38822286979C}.Release|Any CPU.Build.0 = Release|Any CPU
	EndGlobalSection
	GlobalSection(SolutionProperties) = preSolution
		HideSolutionNode = FALSE
	EndGlobalSection
	GlobalSection(ExtensibilityGlobals) = postSolution
		SolutionGuid = {C423333F-931D-4495-A111-DF3446BB9337}
	EndGlobalSection
EndGlobal
